{
  "name": "whyiquit",
  "lockfileVersion": 2,
  "requires": true,
  "packages": {
    "": {
      "dependencies": {
        "@sweetalert2/theme-dark": "^5.0.7",
        "sweetalert2": "^11.1.9"
      }
    },
    "node_modules/@sweetalert2/theme-dark": {
      "version": "5.0.7",
      "resolved": "https://registry.npmjs.org/@sweetalert2/theme-dark/-/theme-dark-5.0.7.tgz",
      "integrity": "sha512-bpCePN9R48VRGWdfbfDqTAH1w3Ip4zytYQtxSI+5FRwhCfbrTMCd9u++2x6NcCyf2tKOVnipX1ZUMlXOujkeyA=="
    },
    "node_modules/sweetalert2": {
      "version": "11.1.9",
      "resolved": "https://registry.npmjs.org/sweetalert2/-/sweetalert2-11.1.9.tgz",
      "integrity": "sha512-ox+BjtAbO8mJrbQH9TsNwMwLeTfV+ve33CVz/kKn5D/DhRiSqnw2rWL4HuBlh9Z4yqYlTD5viR5Z2K5D3avM7Q==",
      "funding": {
        "url": "https://sweetalert2.github.io/#donations"
      }
    }
  },
  "dependencies": {
    "@sweetalert2/theme-dark": {
      "version": "5.0.7",
      "resolved": "https://registry.npmjs.org/@sweetalert2/theme-dark/-/theme-dark-5.0.7.tgz",
      "integrity": "sha512-bpCePN9R48VRGWdfbfDqTAH1w3Ip4zytYQtxSI+5FRwhCfbrTMCd9u++2x6NcCyf2tKOVnipX1ZUMlXOujkeyA=="
    },
    "sweetalert2": {
      "version": "11.1.9",
      "resolved": "https://registry.npmjs.org/sweetalert2/-/sweetalert2-11.1.9.tgz",
      "integrity": "sha512-ox+BjtAbO8mJrbQH9TsNwMwLeTfV+ve33CVz/kKn5D/DhRiSqnw2rWL4HuBlh9Z4yqYlTD5viR5Z2K5D3avM7Q=="
    }
  }
}
