{
  "name": "whyiquit",
  "lockfileVersion": 2,
  "requires": true,
  "packages": {
    "": {
      "dependencies": {
        "@sweetalert2/theme-dark": "^5.0.7"
      }
    },
    "node_modules/@sweetalert2/theme-dark": {
      "version": "5.0.7",
      "resolved": "https://registry.npmjs.org/@sweetalert2/theme-dark/-/theme-dark-5.0.7.tgz",
      "integrity": "sha512-bpCePN9R48VRGWdfbfDqTAH1w3Ip4zytYQtxSI+5FRwhCfbrTMCd9u++2x6NcCyf2tKOVnipX1ZUMlXOujkeyA=="
    }
  },
  "dependencies": {
    "@sweetalert2/theme-dark": {
      "version": "5.0.7",
      "resolved": "https://registry.npmjs.org/@sweetalert2/theme-dark/-/theme-dark-5.0.7.tgz",
      "integrity": "sha512-bpCePN9R48VRGWdfbfDqTAH1w3Ip4zytYQtxSI+5FRwhCfbrTMCd9u++2x6NcCyf2tKOVnipX1ZUMlXOujkeyA=="
    }
  }
}
